
Microsoft Visual Studio Solution File, Format Version 12.00
# Visual Studio Version 17
VisualStudioVersion = 17.11.35303.130
MinimumVisualStudioVersion = 10.0.40219.1
Project("{FAE04EC0-301F-11D3-BF4B-00C04F79EFBC}") = "Assignment2", "Assignment2.csproj", "{B330D9C5-D2B4-4481-A8E2-93968BEC2C3F}"
EndProject
Global
	GlobalSection(SolutionConfigurationPlatforms) = preSolution
		Debug|Any CPU = Debug|Any CPU
		Release|Any CPU = Release|Any CPU
	EndGlobalSection
	GlobalSection(ProjectConfigurationPlatforms) = postSolution
		{B330D9C5-D2B4-4481-A8E2-93968BEC2C3F}.Debug|Any CPU.ActiveCfg = Debug|Any CPU
		{B330D9C5-D2B4-4481-A8E2-93968BEC2C3F}.Debug|Any CPU.Build.0 = Debug|Any CPU
		{B330D9C5-D2B4-4481-A8E2-93968BEC2C3F}.Release|Any CPU.ActiveCfg = Release|Any CPU
		{B330D9C5-D2B4-4481-A8E2-93968BEC2C3F}.Release|Any CPU.Build.0 = Release|Any CPU
	EndGlobalSection
	GlobalSection(SolutionProperties) = preSolution
		HideSolutionNode = FALSE
	EndGlobalSection
	GlobalSection(ExtensibilityGlobals) = postSolution
		SolutionGuid = {4522055B-2A3C-42A5-901D-E4944F4F6543}
	EndGlobalSection
EndGlobal
